
Microsoft Visual Studio Solution File, Format Version 12.00
# Visual Studio 14
VisualStudioVersion = 14.0.25420.1
MinimumVisualStudioVersion = 10.0.40219.1
Project("{FAE04EC0-301F-11D3-BF4B-00C04F79EFBC}") = "ReactTest", "ReactTest\ReactTest.csproj", "{E0419C3E-38CD-4D89-BB64-BAE9D2B157AC}"
EndProject
Global
	GlobalSection(SolutionConfigurationPlatforms) = preSolution
		Debug|Any CPU = Debug|Any CPU
		Release|Any CPU = Release|Any CPU
	EndGlobalSection
	GlobalSection(ProjectConfigurationPlatforms) = postSolution
		{E0419C3E-38CD-4D89-BB64-BAE9D2B157AC}.Debug|Any CPU.ActiveCfg = Debug|Any CPU
		{E0419C3E-38CD-4D89-BB64-BAE9D2B157AC}.Debug|Any CPU.Build.0 = Debug|Any CPU
		{E0419C3E-38CD-4D89-BB64-BAE9D2B157AC}.Release|Any CPU.ActiveCfg = Release|Any CPU
		{E0419C3E-38CD-4D89-BB64-BAE9D2B157AC}.Release|Any CPU.Build.0 = Release|Any CPU
	EndGlobalSection
	GlobalSection(SolutionProperties) = preSolution
		HideSolutionNode = FALSE
	EndGlobalSection
EndGlobal
